
Microsoft Visual Studio Solution File, Format Version 12.00
# Visual Studio Version 17
VisualStudioVersion = 17.10.35027.167
MinimumVisualStudioVersion = 10.0.40219.1
Project("{888888A0-9F3D-457C-B088-3A5042F75D52}") = "Trading_NN", "Trading_NN.pyproj", "{268A9132-5860-404C-B8EC-2CF87753D1E3}"
EndProject
Global
	GlobalSection(SolutionConfigurationPlatforms) = preSolution
		Debug|Any CPU = Debug|Any CPU
		Release|Any CPU = Release|Any CPU
	EndGlobalSection
	GlobalSection(ProjectConfigurationPlatforms) = postSolution
		{268A9132-5860-404C-B8EC-2CF87753D1E3}.Debug|Any CPU.ActiveCfg = Debug|Any CPU
		{268A9132-5860-404C-B8EC-2CF87753D1E3}.Release|Any CPU.ActiveCfg = Release|Any CPU
	EndGlobalSection
	GlobalSection(SolutionProperties) = preSolution
		HideSolutionNode = FALSE
	EndGlobalSection
	GlobalSection(ExtensibilityGlobals) = postSolution
		SolutionGuid = {D37DD2E3-C504-4C63-95EA-0564C4CC8A00}
	EndGlobalSection
EndGlobal
